// !$*UTF8*$!
{
	archiveVersion = 1;
	classes = {
	};
	objectVersion = 46;
	objects = {

/* Begin PBXBuildFile section */
		D20637431D9B31DB00EAFF0F /* AppDelegate.swift in Sources */ = {isa = PBXBuildFile; fileRef = D20637421D9B31DB00EAFF0F /* AppDelegate.swift */; };
		D20637451D9B31DB00EAFF0F /* ViewController.swift in Sources */ = {isa = PBXBuildFile; fileRef = D20637441D9B31DB00EAFF0F /* ViewController.swift */; };
		D20637481D9B31DB00EAFF0F /* Main.storyboard in Resources */ = {isa = PBXBuildFile; fileRef = D20637461D9B31DB00EAFF0F /* Main.storyboard */; };
		D206374A1D9B31DB00EAFF0F /* Assets.xcassets in Resources */ = {isa = PBXBuildFile; fileRef = D20637491D9B31DB00EAFF0F /* Assets.xcassets */; };
		D206374D1D9B31DB00EAFF0F /* LaunchScreen.storyboard in Resources */ = {isa = PBXBuildFile; fileRef = D206374B1D9B31DB00EAFF0F /* LaunchScreen.storyboard */; };
		D20637581D9B31DC00EAFF0F /* ScalprTests.swift in Sources */ = {isa = PBXBuildFile; fileRef = D20637571D9B31DC00EAFF0F /* ScalprTests.swift */; };
/* End PBXBuildFile section */

/* Begin PBXContainerItemProxy section */
		D20637541D9B31DC00EAFF0F /* PBXContainerItemProxy */ = {
			isa = PBXContainerItemProxy;
			containerPortal = D20637371D9B31DB00EAFF0F /* Project object */;
			proxyType = 1;
			remoteGlobalIDString = D206373E1D9B31DB00EAFF0F;
			remoteInfo = Scalpr;
		};
/* End PBXContainerItemProxy section */

/* Begin PBXFileReference section */
		D206373F1D9B31DB00EAFF0F /* Scalpr.app */ = {isa = PBXFileReference; explicitFileType = wrapper.application; includeInIndex = 0; path = Scalpr.app; sourceTree = BUILT_PRODUCTS_DIR; };
		D20637421D9B31DB00EAFF0F /* AppDelegate.swift */ = {isa = PBXFileReference; lastKnownFileType = sourcecode.swift; path = AppDelegate.swift; sourceTree = "<group>"; };
		D20637441D9B31DB00EAFF0F /* ViewController.swift */ = {isa = PBXFileReference; lastKnownFileType = sourcecode.swift; path = ViewController.swift; sourceTree = "<group>"; };
		D20637471D9B31DB00EAFF0F /* Base */ = {isa = PBXFileReference; lastKnownFileType = file.storyboard; name = Base; path = Base.lproj/Main.storyboard; sourceTree = "<group>"; };
		D20637491D9B31DB00EAFF0F /* Assets.xcassets */ = {isa = PBXFileReference; lastKnownFileType = folder.assetcatalog; path = Assets.xcassets; sourceTree = "<group>"; };
		D206374C1D9B31DB00EAFF0F /* Base */ = {isa = PBXFileReference; lastKnownFileType = file.storyboard; name = Base; path = Base.lproj/LaunchScreen.storyboard; sourceTree = "<group>"; };
		D206374E1D9B31DB00EAFF0F /* Info.plist */ = {isa = PBXFileReference; lastKnownFileType = text.plist.xml; path = Info.plist; sourceTree = "<group>"; };
		D20637531D9B31DC00EAFF0F /* ScalprTests.xctest */ = {isa = PBXFileReference; explicitFileType = wrapper.cfbundle; includeInIndex = 0; path = ScalprTests.xctest; sourceTree = BUILT_PRODUCTS_DIR; };
		D20637571D9B31DC00EAFF0F /* ScalprTests.swift */ = {isa = PBXFileReference; lastKnownFileType = sourcecode.swift; path = ScalprTests.swift; sourceTree = "<group>"; };
		D20637591D9B31DC00EAFF0F /* Info.plist */ = {isa = PBXFileReference; lastKnownFileType = text.plist.xml; path = Info.plist; sourceTree = "<group>"; };
/* End PBXFileReference section */

/* Begin PBXFrameworksBuildPhase section */
		D206373C1D9B31DB00EAFF0F /* Frameworks */ = {
			isa = PBXFrameworksBuildPhase;
			buildActionMask = 2147483647;
			files = (
			);
			runOnlyForDeploymentPostprocessing = 0;
		};
		D20637501D9B31DC00EAFF0F /* Frameworks */ = {
			isa = PBXFrameworksBuildPhase;
			buildActionMask = 2147483647;
			files = (
			);
			runOnlyForDeploymentPostprocessing = 0;
		};
/* End PBXFrameworksBuildPhase section */

/* Begin PBXGroup section */
		D20637361D9B31DB00EAFF0F = {
			isa = PBXGroup;
			children = (
				D20637411D9B31DB00EAFF0F /* Scalpr */,
				D20637561D9B31DC00EAFF0F /* ScalprTests */,
				D20637401D9B31DB00EAFF0F /* Products */,
			);
			sourceTree = "<group>";
		};
		D20637401D9B31DB00EAFF0F /* Products */ = {
			isa = PBXGroup;
			children = (
				D206373F1D9B31DB00EAFF0F /* Scalpr.app */,
				D20637531D9B31DC00EAFF0F /* ScalprTests.xctest */,
			);
			name = Products;
			sourceTree = "<group>";
		};
		D20637411D9B31DB00EAFF0F /* Scalpr */ = {
			isa = PBXGroup;
			children = (
				D20637421D9B31DB00EAFF0F /* AppDelegate.swift */,
				D20637441D9B31DB00EAFF0F /* ViewController.swift */,
				D20637461D9B31DB00EAFF0F /* Main.storyboard */,
				D20637491D9B31DB00EAFF0F /* Assets.xcassets */,
				D206374B1D9B31DB00EAFF0F /* LaunchScreen.storyboard */,
				D206374E1D9B31DB00EAFF0F /* Info.plist */,
			);
			path = Scalpr;
			sourceTree = "<group>";
		};
		D20637561D9B31DC00EAFF0F /* ScalprTests */ = {
			isa = PBXGroup;
			children = (
				D20637571D9B31DC00EAFF0F /* ScalprTests.swift */,
				D20637591D9B31DC00EAFF0F /* Info.plist */,
			);
			path = ScalprTests;
			sourceTree = "<group>";
		};
/* End PBXGroup section */

/* Begin PBXNativeTarget section */
		D206373E1D9B31DB00EAFF0F /* Scalpr */ = {
			isa = PBXNativeTarget;
			buildConfigurationList = D206375C1D9B31DC00EAFF0F /* Build configuration list for PBXNativeTarget "Scalpr" */;
			buildPhases = (
				D206373B1D9B31DB00EAFF0F /* Sources */,
				D206373C1D9B31DB00EAFF0F /* Frameworks */,
				D206373D1D9B31DB00EAFF0F /* Resources */,
			);
			buildRules = (
			);
			dependencies = (
			);
			name = Scalpr;
			productName = Scalpr;
			productReference = D206373F1D9B31DB00EAFF0F /* Scalpr.app */;
			productType = "com.apple.product-type.application";
		};
		D20637521D9B31DC00EAFF0F /* ScalprTests */ = {
			isa = PBXNativeTarget;
			buildConfigurationList = D206375F1D9B31DC00EAFF0F /* Build configuration list for PBXNativeTarget "ScalprTests" */;
			buildPhases = (
				D206374F1D9B31DC00EAFF0F /* Sources */,
				D20637501D9B31DC00EAFF0F /* Frameworks */,
				D20637511D9B31DC00EAFF0F /* Resources */,
			);
			buildRules = (
			);
			dependencies = (
				D20637551D9B31DC00EAFF0F /* PBXTargetDependency */,
			);
			name = ScalprTests;
			productName = ScalprTests;
			productReference = D20637531D9B31DC00EAFF0F /* ScalprTests.xctest */;
			productType = "com.apple.product-type.bundle.unit-test";
		};
/* End PBXNativeTarget section */

/* Begin PBXProject section */
		D20637371D9B31DB00EAFF0F /* Project object */ = {
			isa = PBXProject;
			attributes = {
				LastSwiftUpdateCheck = 0800;
				LastUpgradeCheck = 0800;
				ORGANIZATIONNAME = "Cam Connor";
				TargetAttributes = {
					D206373E1D9B31DB00EAFF0F = {
						CreatedOnToolsVersion = 8.0;
						DevelopmentTeam = FDH6H67LAB;
						ProvisioningStyle = Automatic;
					};
					D20637521D9B31DC00EAFF0F = {
						CreatedOnToolsVersion = 8.0;
						DevelopmentTeam = FDH6H67LAB;
						ProvisioningStyle = Automatic;
						TestTargetID = D206373E1D9B31DB00EAFF0F;
					};
				};
			};
			buildConfigurationList = D206373A1D9B31DB00EAFF0F /* Build configuration list for PBXProject "Scalpr" */;
			compatibilityVersion = "Xcode 3.2";
			developmentRegion = English;
			hasScannedForEncodings = 0;
			knownRegions = (
				en,
				Base,
			);
			mainGroup = D20637361D9B31DB00EAFF0F;
			productRefGroup = D20637401D9B31DB00EAFF0F /* Products */;
			projectDirPath = "";
			projectRoot = "";
			targets = (
				D206373E1D9B31DB00EAFF0F /* Scalpr */,
				D20637521D9B31DC00EAFF0F /* ScalprTests */,
			);
		};
/* End PBXProject section */

/* Begin PBXResourcesBuildPhase section */
		D206373D1D9B31DB00EAFF0F /* Resources */ = {
			isa = PBXResourcesBuildPhase;
			buildActionMask = 2147483647;
			files = (
				D206374D1D9B31DB00EAFF0F /* LaunchScreen.storyboard in Resources */,
				D206374A1D9B31DB00EAFF0F /* Assets.xcassets in Resources */,
				D20637481D9B31DB00EAFF0F /* Main.storyboard in Resources */,
			);
			runOnlyForDeploymentPostprocessing = 0;
		};
		D20637511D9B31DC00EAFF0F /* Resources */ = {
			isa = PBXResourcesBuildPhase;
			buildActionMask = 2147483647;
			files = (
			);
			runOnlyForDeploymentPostprocessing = 0;
		};
/* End PBXResourcesBuildPhase section */

/* Begin PBXSourcesBuildPhase section */
		D206373B1D9B31DB00EAFF0F /* Sources */ = {
			isa = PBXSourcesBuildPhase;
			buildActionMask = 2147483647;
			files = (
				D20637451D9B31DB00EAFF0F /* ViewController.swift in Sources */,
				D20637431D9B31DB00EAFF0F /* AppDelegate.swift in Sources */,
			);
			runOnlyForDeploymentPostprocessing = 0;
		};
		D206374F1D9B31DC00EAFF0F /* Sources */ = {
			isa = PBXSourcesBuildPhase;
			buildActionMask = 2147483647;
			files = (
				D20637581D9B31DC00EAFF0F /* ScalprTests.swift in Sources */,
			);
			runOnlyForDeploymentPostprocessing = 0;
		};
/* End PBXSourcesBuildPhase section */

/* Begin PBXTargetDependency section */
		D20637551D9B31DC00EAFF0F /* PBXTargetDependency */ = {
			isa = PBXTargetDependency;
			target = D206373E1D9B31DB00EAFF0F /* Scalpr */;
			targetProxy = D20637541D9B31DC00EAFF0F /* PBXContainerItemProxy */;
		};
/* End PBXTargetDependency section */

/* Begin PBXVariantGroup section */
		D20637461D9B31DB00EAFF0F /* Main.storyboard */ = {
			isa = PBXVariantGroup;
			children = (
				D20637471D9B31DB00EAFF0F /* Base */,
			);
			name = Main.storyboard;
			sourceTree = "<group>";
		};
		D206374B1D9B31DB00EAFF0F /* LaunchScreen.storyboard */ = {
			isa = PBXVariantGroup;
			children = (
				D206374C1D9B31DB00EAFF0F /* Base */,
			);
			name = LaunchScreen.storyboard;
			sourceTree = "<group>";
		};
/* End PBXVariantGroup section */

/* Begin XCBuildConfiguration section */
		D206375A1D9B31DC00EAFF0F /* Debug */ = {
			isa = XCBuildConfiguration;
			buildSettings = {
				ALWAYS_SEARCH_USER_PATHS = NO;
				CLANG_ANALYZER_NONNULL = YES;
				CLANG_CXX_LANGUAGE_STANDARD = "gnu++0x";
				CLANG_CXX_LIBRARY = "libc++";
				CLANG_ENABLE_MODULES = YES;
				CLANG_ENABLE_OBJC_ARC = YES;
				CLANG_WARN_BOOL_CONVERSION = YES;
				CLANG_WARN_CONSTANT_CONVERSION = YES;
				CLANG_WARN_DIRECT_OBJC_ISA_USAGE = YES_ERROR;
				CLANG_WARN_DOCUMENTATION_COMMENTS = YES;
				CLANG_WARN_EMPTY_BODY = YES;
				CLANG_WARN_ENUM_CONVERSION = YES;
				CLANG_WARN_INFINITE_RECURSION = YES;
				CLANG_WARN_INT_CONVERSION = YES;
				CLANG_WARN_OBJC_ROOT_CLASS = YES_ERROR;
				CLANG_WARN_SUSPICIOUS_MOVES = YES;
				CLANG_WARN_UNREACHABLE_CODE = YES;
				CLANG_WARN__DUPLICATE_METHOD_MATCH = YES;
				"CODE_SIGN_IDENTITY[sdk=iphoneos*]" = "iPhone Developer";
				COPY_PHASE_STRIP = NO;
				DEBUG_INFORMATION_FORMAT = dwarf;
				ENABLE_STRICT_OBJC_MSGSEND = YES;
				ENABLE_TESTABILITY = YES;
				GCC_C_LANGUAGE_STANDARD = gnu99;
				GCC_DYNAMIC_NO_PIC = NO;
				GCC_NO_COMMON_BLOCKS = YES;
				GCC_OPTIMIZATION_LEVEL = 0;
				GCC_PREPROCESSOR_DEFINITIONS = (
					"DEBUG=1",
					"$(inherited)",
				);
				GCC_WARN_64_TO_32_BIT_CONVERSION = YES;
				GCC_WARN_ABOUT_RETURN_TYPE = YES_ERROR;
				GCC_WARN_UNDECLARED_SELECTOR = YES;
				GCC_WARN_UNINITIALIZED_AUTOS = YES_AGGRESSIVE;
				GCC_WARN_UNUSED_FUNCTION = YES;
				GCC_WARN_UNUSED_VARIABLE = YES;
				IPHONEOS_DEPLOYMENT_TARGET = 10.0;
				MTL_ENABLE_DEBUG_INFO = YES;
				ONLY_ACTIVE_ARCH = YES;
				SDKROOT = iphoneos;
				SWIFT_ACTIVE_COMPILATION_CONDITIONS = DEBUG;
				SWIFT_OPTIMIZATION_LEVEL = "-Onone";
				TARGETED_DEVICE_FAMILY = "1,2";
			};
			name = Debug;
		};
		D206375B1D9B31DC00EAFF0F /* Release */ = {
			isa = XCBuildConfiguration;
			buildSettings = {
				ALWAYS_SEARCH_USER_PATHS = NO;
				CLANG_ANALYZER_NONNULL = YES;
				CLANG_CXX_LANGUAGE_STANDARD = "gnu++0x";
				CLANG_CXX_LIBRARY = "libc++";
				CLANG_ENABLE_MODULES = YES;
				CLANG_ENABLE_OBJC_ARC = YES;
				CLANG_WARN_BOOL_CONVERSION = YES;
				CLANG_WARN_CONSTANT_CONVERSION = YES;
				CLANG_WARN_DIRECT_OBJC_ISA_USAGE = YES_ERROR;
				CLANG_WARN_DOCUMENTATION_COMMENTS = YES;
				CLANG_WARN_EMPTY_BODY = YES;
				CLANG_WARN_ENUM_CONVERSION = YES;
				CLANG_WARN_INFINITE_RECURSION = YES;
				CLANG_WARN_INT_CONVERSION = YES;
				CLANG_WARN_OBJC_ROOT_CLASS = YES_ERROR;
				CLANG_WARN_SUSPICIOUS_MOVES = YES;
				CLANG_WARN_UNREACHABLE_CODE = YES;
				CLANG_WARN__DUPLICATE_METHOD_MATCH = YES;
				"CODE_SIGN_IDENTITY[sdk=iphoneos*]" = "iPhone Developer";
				COPY_PHASE_STRIP = NO;
				DEBUG_INFORMATION_FORMAT = "dwarf-with-dsym";
				ENABLE_NS_ASSERTIONS = NO;
				ENABLE_STRICT_OBJC_MSGSEND = YES;
				GCC_C_LANGUAGE_STANDARD = gnu99;
				GCC_NO_COMMON_BLOCKS = YES;
				GCC_WARN_64_TO_32_BIT_CONVERSION = YES;
				GCC_WARN_ABOUT_RETURN_TYPE = YES_ERROR;
				GCC_WARN_UNDECLARED_SELECTOR = YES;
				GCC_WARN_UNINITIALIZED_AUTOS = YES_AGGRESSIVE;
				GCC_WARN_UNUSED_FUNCTION = YES;
				GCC_WARN_UNUSED_VARIABLE = YES;
				IPHONEOS_DEPLOYMENT_TARGET = 10.0;
				MTL_ENABLE_DEBUG_INFO = NO;
				SDKROOT = iphoneos;
				SWIFT_OPTIMIZATION_LEVEL = "-Owholemodule";
				TARGETED_DEVICE_FAMILY = "1,2";
				VALIDATE_PRODUCT = YES;
			};
			name = Release;
		};
		D206375D1D9B31DC00EAFF0F /* Debug */ = {
			isa = XCBuildConfiguration;
			buildSettings = {
				ASSETCATALOG_COMPILER_APPICON_NAME = AppIcon;
				DEVELOPMENT_TEAM = FDH6H67LAB;
				INFOPLIST_FILE = Scalpr/Info.plist;
				LD_RUNPATH_SEARCH_PATHS = "$(inherited) @executable_path/Frameworks";
				PRODUCT_BUNDLE_IDENTIFIER = com.ProQuo.Scalpr;
				PRODUCT_NAME = "$(TARGET_NAME)";
				SWIFT_VERSION = 3.0;
			};
			name = Debug;
		};
		D206375E1D9B31DC00EAFF0F /* Release */ = {
			isa = XCBuildConfiguration;
			buildSettings = {
				ASSETCATALOG_COMPILER_APPICON_NAME = AppIcon;
				DEVELOPMENT_TEAM = FDH6H67LAB;
				INFOPLIST_FILE = Scalpr/Info.plist;
				LD_RUNPATH_SEARCH_PATHS = "$(inherited) @executable_path/Frameworks";
				PRODUCT_BUNDLE_IDENTIFIER = com.ProQuo.Scalpr;
				PRODUCT_NAME = "$(TARGET_NAME)";
				SWIFT_VERSION = 3.0;
			};
			name = Release;
		};
		D20637601D9B31DC00EAFF0F /* Debug */ = {
			isa = XCBuildConfiguration;
			buildSettings = {
				ALWAYS_EMBED_SWIFT_STANDARD_LIBRARIES = YES;
				BUNDLE_LOADER = "$(TEST_HOST)";
				DEVELOPMENT_TEAM = FDH6H67LAB;
				INFOPLIST_FILE = ScalprTests/Info.plist;
				LD_RUNPATH_SEARCH_PATHS = "$(inherited) @executable_path/Frameworks @loader_path/Frameworks";
				PRODUCT_BUNDLE_IDENTIFIER = com.ProQuo.ScalprTests;
				PRODUCT_NAME = "$(TARGET_NAME)";
				SWIFT_VERSION = 3.0;
				TEST_HOST = "$(BUILT_PRODUCTS_DIR)/Scalpr.app/Scalpr";
			};
			name = Debug;
		};
		D20637611D9B31DC00EAFF0F /* Release */ = {
			isa = XCBuildConfiguration;
			buildSettings = {
				ALWAYS_EMBED_SWIFT_STANDARD_LIBRARIES = YES;
				BUNDLE_LOADER = "$(TEST_HOST)";
				DEVELOPMENT_TEAM = FDH6H67LAB;
				INFOPLIST_FILE = ScalprTests/Info.plist;
				LD_RUNPATH_SEARCH_PATHS = "$(inherited) @executable_path/Frameworks @loader_path/Frameworks";
				PRODUCT_BUNDLE_IDENTIFIER = com.ProQuo.ScalprTests;
				PRODUCT_NAME = "$(TARGET_NAME)";
				SWIFT_VERSION = 3.0;
				TEST_HOST = "$(BUILT_PRODUCTS_DIR)/Scalpr.app/Scalpr";
			};
			name = Release;
		};
/* End XCBuildConfiguration section */

/* Begin XCConfigurationList section */
		D206373A1D9B31DB00EAFF0F /* Build configuration list for PBXProject "Scalpr" */ = {
			isa = XCConfigurationList;
			buildConfigurations = (
				D206375A1D9B31DC00EAFF0F /* Debug */,
				D206375B1D9B31DC00EAFF0F /* Release */,
			);
			defaultConfigurationIsVisible = 0;
			defaultConfigurationName = Release;
		};
		D206375C1D9B31DC00EAFF0F /* Build configuration list for PBXNativeTarget "Scalpr" */ = {
			isa = XCConfigurationList;
			buildConfigurations = (
				D206375D1D9B31DC00EAFF0F /* Debug */,
				D206375E1D9B31DC00EAFF0F /* Release */,
			);
			defaultConfigurationIsVisible = 0;
		};
		D206375F1D9B31DC00EAFF0F /* Build configuration list for PBXNativeTarget "ScalprTests" */ = {
			isa = XCConfigurationList;
			buildConfigurations = (
				D20637601D9B31DC00EAFF0F /* Debug */,
				D20637611D9B31DC00EAFF0F /* Release */,
			);
			defaultConfigurationIsVisible = 0;
		};
/* End XCConfigurationList section */
	};
	rootObject = D20637371D9B31DB00EAFF0F /* Project object */;
}
